
Microsoft Visual Studio Solution File, Format Version 12.00
# Visual Studio Version 17
VisualStudioVersion = 17.14.36518.9
MinimumVisualStudioVersion = 10.0.40219.1
Project("{FAE04EC0-301F-11D3-BF4B-00C04F79EFBC}") = "MediSchedule_Prototipo", "MediSchedule_Prototipo.csproj", "{581953D9-B211-4EE5-B96D-F8200990C8FF}"
EndProject
Global
	GlobalSection(SolutionConfigurationPlatforms) = preSolution
		Debug|Any CPU = Debug|Any CPU
		Release|Any CPU = Release|Any CPU
	EndGlobalSection
	GlobalSection(ProjectConfigurationPlatforms) = postSolution
		{581953D9-B211-4EE5-B96D-F8200990C8FF}.Debug|Any CPU.ActiveCfg = Debug|Any CPU
		{581953D9-B211-4EE5-B96D-F8200990C8FF}.Debug|Any CPU.Build.0 = Debug|Any CPU
		{581953D9-B211-4EE5-B96D-F8200990C8FF}.Release|Any CPU.ActiveCfg = Release|Any CPU
		{581953D9-B211-4EE5-B96D-F8200990C8FF}.Release|Any CPU.Build.0 = Release|Any CPU
	EndGlobalSection
	GlobalSection(SolutionProperties) = preSolution
		HideSolutionNode = FALSE
	EndGlobalSection
	GlobalSection(ExtensibilityGlobals) = postSolution
		SolutionGuid = {A3650520-F245-4DD5-9A76-4780ABDB16CB}
	EndGlobalSection
EndGlobal
